
Microsoft Visual Studio Solution File, Format Version 12.00
# Visual Studio 15
VisualStudioVersion = 15.0.28010.2026
MinimumVisualStudioVersion = 10.0.40219.1
Project("{FAE04EC0-301F-11D3-BF4B-00C04F79EFBC}") = "vaultsap", "vaultsap\vaultsap.csproj", "{894DB414-BF07-45DC-9928-F37F86253153}"
EndProject
Project("{FAE04EC0-301F-11D3-BF4B-00C04F79EFBC}") = "NeodentUtil", "NeodentUtil\NeodentUtil.csproj", "{12C80F88-0813-4A3F-AF5C-029BB2BE6ABE}"
EndProject
Project("{FAE04EC0-301F-11D3-BF4B-00C04F79EFBC}") = "VaultTools", "VaultTools\VaultTools.csproj", "{28866A51-3C15-4CCC-8B5B-38150EB8120A}"
EndProject
Project("{FAE04EC0-301F-11D3-BF4B-00C04F79EFBC}") = "DWFTools", "DWFTools\DWFTools.csproj", "{989E4B71-6689-4F92-A9B5-E50A91ED5B8F}"
EndProject
Project("{FAE04EC0-301F-11D3-BF4B-00C04F79EFBC}") = "GSTools", "GSTools\GSTools.csproj", "{12D658D4-5B77-4629-BF0B-4EE2E33C37CD}"
EndProject
Project("{FAE04EC0-301F-11D3-BF4B-00C04F79EFBC}") = "DWFCore", "DWFCore\DWFCore.csproj", "{7B4343B8-E4F4-4057-B6C2-4CBA0DE8760B}"
EndProject
Project("{FAE04EC0-301F-11D3-BF4B-00C04F79EFBC}") = "BullzipPDFTools", "BullzipPDFTools\BullzipPDFTools.csproj", "{3D05AA33-8715-4067-8EBC-7BC1CCA06370}"
EndProject
Project("{FAE04EC0-301F-11D3-BF4B-00C04F79EFBC}") = "PDFCore", "PDFCore\PDFCore.csproj", "{EBA95A2C-6DDB-4CC1-A689-789F3D05CE09}"
EndProject
Project("{FAE04EC0-301F-11D3-BF4B-00C04F79EFBC}") = "VaultExport", "VaultExport\VaultExport.csproj", "{EBAFD919-50C5-43E7-9105-ECDD953476DD}"
EndProject
Project("{FAE04EC0-301F-11D3-BF4B-00C04F79EFBC}") = "VaultExportUI", "VaultExportUI\VaultExportUI.csproj", "{E0F994B6-BA66-4F7A-895A-D0218AD2DB1D}"
EndProject
Project("{FAE04EC0-301F-11D3-BF4B-00C04F79EFBC}") = "VaultDown", "VAultDown\VaultDown.csproj", "{26F563F6-6036-4C03-BFC9-EB5AD772CA91}"
EndProject
Project("{FAE04EC0-301F-11D3-BF4B-00C04F79EFBC}") = "ListaUnidade", "ListaUnidade\ListaUnidade.csproj", "{4B75F6A6-DBA4-4199-A6F4-A28774B910B0}"
EndProject
Global
	GlobalSection(SolutionConfigurationPlatforms) = preSolution
		Debug|Any CPU = Debug|Any CPU
		Release|Any CPU = Release|Any CPU
	EndGlobalSection
	GlobalSection(ProjectConfigurationPlatforms) = postSolution
		{894DB414-BF07-45DC-9928-F37F86253153}.Debug|Any CPU.ActiveCfg = Debug|Any CPU
		{894DB414-BF07-45DC-9928-F37F86253153}.Debug|Any CPU.Build.0 = Debug|Any CPU
		{894DB414-BF07-45DC-9928-F37F86253153}.Release|Any CPU.ActiveCfg = Release|Any CPU
		{894DB414-BF07-45DC-9928-F37F86253153}.Release|Any CPU.Build.0 = Release|Any CPU
		{12C80F88-0813-4A3F-AF5C-029BB2BE6ABE}.Debug|Any CPU.ActiveCfg = Debug|Any CPU
		{12C80F88-0813-4A3F-AF5C-029BB2BE6ABE}.Debug|Any CPU.Build.0 = Debug|Any CPU
		{12C80F88-0813-4A3F-AF5C-029BB2BE6ABE}.Release|Any CPU.ActiveCfg = Release|Any CPU
		{12C80F88-0813-4A3F-AF5C-029BB2BE6ABE}.Release|Any CPU.Build.0 = Release|Any CPU
		{28866A51-3C15-4CCC-8B5B-38150EB8120A}.Debug|Any CPU.ActiveCfg = Debug|Any CPU
		{28866A51-3C15-4CCC-8B5B-38150EB8120A}.Debug|Any CPU.Build.0 = Debug|Any CPU
		{28866A51-3C15-4CCC-8B5B-38150EB8120A}.Release|Any CPU.ActiveCfg = Release|Any CPU
		{28866A51-3C15-4CCC-8B5B-38150EB8120A}.Release|Any CPU.Build.0 = Release|Any CPU
		{989E4B71-6689-4F92-A9B5-E50A91ED5B8F}.Debug|Any CPU.ActiveCfg = Debug|Any CPU
		{989E4B71-6689-4F92-A9B5-E50A91ED5B8F}.Debug|Any CPU.Build.0 = Debug|Any CPU
		{989E4B71-6689-4F92-A9B5-E50A91ED5B8F}.Release|Any CPU.ActiveCfg = Release|Any CPU
		{989E4B71-6689-4F92-A9B5-E50A91ED5B8F}.Release|Any CPU.Build.0 = Release|Any CPU
		{12D658D4-5B77-4629-BF0B-4EE2E33C37CD}.Debug|Any CPU.ActiveCfg = Debug|Any CPU
		{12D658D4-5B77-4629-BF0B-4EE2E33C37CD}.Debug|Any CPU.Build.0 = Debug|Any CPU
		{12D658D4-5B77-4629-BF0B-4EE2E33C37CD}.Release|Any CPU.ActiveCfg = Release|Any CPU
		{12D658D4-5B77-4629-BF0B-4EE2E33C37CD}.Release|Any CPU.Build.0 = Release|Any CPU
		{7B4343B8-E4F4-4057-B6C2-4CBA0DE8760B}.Debug|Any CPU.ActiveCfg = Debug|Any CPU
		{7B4343B8-E4F4-4057-B6C2-4CBA0DE8760B}.Debug|Any CPU.Build.0 = Debug|Any CPU
		{7B4343B8-E4F4-4057-B6C2-4CBA0DE8760B}.Release|Any CPU.ActiveCfg = Release|Any CPU
		{7B4343B8-E4F4-4057-B6C2-4CBA0DE8760B}.Release|Any CPU.Build.0 = Release|Any CPU
		{3D05AA33-8715-4067-8EBC-7BC1CCA06370}.Debug|Any CPU.ActiveCfg = Debug|Any CPU
		{3D05AA33-8715-4067-8EBC-7BC1CCA06370}.Debug|Any CPU.Build.0 = Debug|Any CPU
		{3D05AA33-8715-4067-8EBC-7BC1CCA06370}.Release|Any CPU.ActiveCfg = Release|Any CPU
		{3D05AA33-8715-4067-8EBC-7BC1CCA06370}.Release|Any CPU.Build.0 = Release|Any CPU
		{EBA95A2C-6DDB-4CC1-A689-789F3D05CE09}.Debug|Any CPU.ActiveCfg = Debug|Any CPU
		{EBA95A2C-6DDB-4CC1-A689-789F3D05CE09}.Debug|Any CPU.Build.0 = Debug|Any CPU
		{EBA95A2C-6DDB-4CC1-A689-789F3D05CE09}.Release|Any CPU.ActiveCfg = Release|Any CPU
		{EBA95A2C-6DDB-4CC1-A689-789F3D05CE09}.Release|Any CPU.Build.0 = Release|Any CPU
		{EBAFD919-50C5-43E7-9105-ECDD953476DD}.Debug|Any CPU.ActiveCfg = Debug|Any CPU
		{EBAFD919-50C5-43E7-9105-ECDD953476DD}.Debug|Any CPU.Build.0 = Debug|Any CPU
		{EBAFD919-50C5-43E7-9105-ECDD953476DD}.Release|Any CPU.ActiveCfg = Release|Any CPU
		{EBAFD919-50C5-43E7-9105-ECDD953476DD}.Release|Any CPU.Build.0 = Release|Any CPU
		{E0F994B6-BA66-4F7A-895A-D0218AD2DB1D}.Debug|Any CPU.ActiveCfg = Debug|Any CPU
		{E0F994B6-BA66-4F7A-895A-D0218AD2DB1D}.Debug|Any CPU.Build.0 = Debug|Any CPU
		{E0F994B6-BA66-4F7A-895A-D0218AD2DB1D}.Release|Any CPU.ActiveCfg = Release|Any CPU
		{E0F994B6-BA66-4F7A-895A-D0218AD2DB1D}.Release|Any CPU.Build.0 = Release|Any CPU
		{26F563F6-6036-4C03-BFC9-EB5AD772CA91}.Debug|Any CPU.ActiveCfg = Debug|Any CPU
		{26F563F6-6036-4C03-BFC9-EB5AD772CA91}.Debug|Any CPU.Build.0 = Debug|Any CPU
		{26F563F6-6036-4C03-BFC9-EB5AD772CA91}.Release|Any CPU.ActiveCfg = Release|Any CPU
		{26F563F6-6036-4C03-BFC9-EB5AD772CA91}.Release|Any CPU.Build.0 = Release|Any CPU
		{4B75F6A6-DBA4-4199-A6F4-A28774B910B0}.Debug|Any CPU.ActiveCfg = Debug|Any CPU
		{4B75F6A6-DBA4-4199-A6F4-A28774B910B0}.Debug|Any CPU.Build.0 = Debug|Any CPU
		{4B75F6A6-DBA4-4199-A6F4-A28774B910B0}.Release|Any CPU.ActiveCfg = Release|Any CPU
		{4B75F6A6-DBA4-4199-A6F4-A28774B910B0}.Release|Any CPU.Build.0 = Release|Any CPU
	EndGlobalSection
	GlobalSection(SolutionProperties) = preSolution
		HideSolutionNode = FALSE
	EndGlobalSection
	GlobalSection(ExtensibilityGlobals) = postSolution
		SolutionGuid = {805E9DB1-C16E-4AF7-A120-0ED3384F8E5E}
	EndGlobalSection
EndGlobal
