
Microsoft Visual Studio Solution File, Format Version 11.00
# Visual C# Express 2010
Project("{FAE04EC0-301F-11D3-BF4B-00C04F79EFBC}") = "ecmfiles", "ecmfiles\ecmfiles.csproj", "{B7A53E83-2CA9-4F96-8B82-2540D0E91BCE}"
EndProject
Global
	GlobalSection(SolutionConfigurationPlatforms) = preSolution
		Debug|x86 = Debug|x86
		Release|x86 = Release|x86
	EndGlobalSection
	GlobalSection(ProjectConfigurationPlatforms) = postSolution
		{B7A53E83-2CA9-4F96-8B82-2540D0E91BCE}.Debug|x86.ActiveCfg = Debug|x86
		{B7A53E83-2CA9-4F96-8B82-2540D0E91BCE}.Debug|x86.Build.0 = Debug|x86
		{B7A53E83-2CA9-4F96-8B82-2540D0E91BCE}.Release|x86.ActiveCfg = Release|x86
		{B7A53E83-2CA9-4F96-8B82-2540D0E91BCE}.Release|x86.Build.0 = Release|x86
	EndGlobalSection
	GlobalSection(SolutionProperties) = preSolution
		HideSolutionNode = FALSE
	EndGlobalSection
EndGlobal
